
Microsoft Visual Studio Solution File, Format Version 12.00
# Visual Studio Version 17
VisualStudioVersion = 17.9.34701.34
MinimumVisualStudioVersion = 10.0.40219.1
Project("{FAE04EC0-301F-11D3-BF4B-00C04F79EFBC}") = "Exercicio_Try_Catch_Throw", "Exercicio_Try_Catch_Throw\Exercicio_Try_Catch_Throw.csproj", "{01D9B97E-3BA2-4D9E-92CD-4C7B14A4473F}"
EndProject
Global
	GlobalSection(SolutionConfigurationPlatforms) = preSolution
		Debug|Any CPU = Debug|Any CPU
		Release|Any CPU = Release|Any CPU
	EndGlobalSection
	GlobalSection(ProjectConfigurationPlatforms) = postSolution
		{01D9B97E-3BA2-4D9E-92CD-4C7B14A4473F}.Debug|Any CPU.ActiveCfg = Debug|Any CPU
		{01D9B97E-3BA2-4D9E-92CD-4C7B14A4473F}.Debug|Any CPU.Build.0 = Debug|Any CPU
		{01D9B97E-3BA2-4D9E-92CD-4C7B14A4473F}.Release|Any CPU.ActiveCfg = Release|Any CPU
		{01D9B97E-3BA2-4D9E-92CD-4C7B14A4473F}.Release|Any CPU.Build.0 = Release|Any CPU
	EndGlobalSection
	GlobalSection(SolutionProperties) = preSolution
		HideSolutionNode = FALSE
	EndGlobalSection
	GlobalSection(ExtensibilityGlobals) = postSolution
		SolutionGuid = {99645AC5-33C7-4D42-9716-AA16706CA3D9}
	EndGlobalSection
EndGlobal
